
Microsoft Visual Studio Solution File, Format Version 12.00
# Visual Studio Version 16
VisualStudioVersion = 16.0.30523.141
MinimumVisualStudioVersion = 10.0.40219.1
Project("{FAE04EC0-301F-11D3-BF4B-00C04F79EFBC}") = "WebIntSorter", "WebIntSorter\WebIntSorter.csproj", "{38A58B66-CEC8-4913-869B-509077EEFCF5}"
EndProject
Global
	GlobalSection(SolutionConfigurationPlatforms) = preSolution
		Debug|Any CPU = Debug|Any CPU
		Release|Any CPU = Release|Any CPU
	EndGlobalSection
	GlobalSection(ProjectConfigurationPlatforms) = postSolution
		{38A58B66-CEC8-4913-869B-509077EEFCF5}.Debug|Any CPU.ActiveCfg = Debug|Any CPU
		{38A58B66-CEC8-4913-869B-509077EEFCF5}.Debug|Any CPU.Build.0 = Debug|Any CPU
		{38A58B66-CEC8-4913-869B-509077EEFCF5}.Release|Any CPU.ActiveCfg = Release|Any CPU
		{38A58B66-CEC8-4913-869B-509077EEFCF5}.Release|Any CPU.Build.0 = Release|Any CPU
	EndGlobalSection
	GlobalSection(SolutionProperties) = preSolution
		HideSolutionNode = FALSE
	EndGlobalSection
	GlobalSection(ExtensibilityGlobals) = postSolution
		SolutionGuid = {C1D6B510-C8E7-4FA7-83F8-CF149DCB070F}
	EndGlobalSection
EndGlobal
