
Microsoft Visual Studio Solution File, Format Version 12.00
# Visual Studio Version 16
VisualStudioVersion = 16.0.30523.141
MinimumVisualStudioVersion = 10.0.40219.1
Project("{9A19103F-16F7-4668-BE54-9A1E7A4F7556}") = "PromoEng.CoreWebApi", "PromoEng.CoreWebApi\PromoEng.CoreWebApi.csproj", "{91B0F9B2-3708-41F4-86FC-99069A9AAF36}"
EndProject
Project("{9A19103F-16F7-4668-BE54-9A1E7A4F7556}") = "PromoEng.Engine", "PromoEng.Engine\PromoEng.Engine.csproj", "{48EA82A0-F926-4339-A2F4-15E32A3935EC}"
EndProject
Project("{2150E333-8FDC-42A3-9474-1A3956D46DE8}") = "tests", "tests", "{9B3FFA71-B582-438A-8F4B-9D144E622243}"
EndProject
Project("{9A19103F-16F7-4668-BE54-9A1E7A4F7556}") = "PromoEng.Engine.UnitTests", "PromoEng.Engine.UnitTests\PromoEng.Engine.UnitTests.csproj", "{46A2C7EF-FDF0-4C6D-ADB3-0400022930F5}"
EndProject
Project("{9A19103F-16F7-4668-BE54-9A1E7A4F7556}") = "PromoEng.Engine.Scenarios", "PromoEng.Engine.Scenarios\PromoEng.Engine.Scenarios.csproj", "{584E3AB3-762B-4E6D-BBED-7C5E39F23954}"
EndProject
Project("{9A19103F-16F7-4668-BE54-9A1E7A4F7556}") = "PromoEng.CoreWebApi.Controllers.UnitTests", "PromoEng.CoreWebApi.Controllers.UnitTests\PromoEng.CoreWebApi.Controllers.UnitTests.csproj", "{5EAA7CCC-B1FC-46CD-8CA6-42668DEAE03E}"
EndProject
Project("{9A19103F-16F7-4668-BE54-9A1E7A4F7556}") = "PromoEng.Testability", "Testability\PromoEng.Testability.csproj", "{003FE7C4-846E-4D1E-876F-080B1575346A}"
EndProject
Project("{FAE04EC0-301F-11D3-BF4B-00C04F79EFBC}") = "PromoEng.CoreWebApi.UnitTests", "PromoEng.CoreWebApi.UnitTests\PromoEng.CoreWebApi.UnitTests.csproj", "{8CD193F1-61D9-4527-B6D4-5836E718BBB3}"
EndProject
Global
	GlobalSection(SolutionConfigurationPlatforms) = preSolution
		Debug|Any CPU = Debug|Any CPU
		Release|Any CPU = Release|Any CPU
	EndGlobalSection
	GlobalSection(ProjectConfigurationPlatforms) = postSolution
		{91B0F9B2-3708-41F4-86FC-99069A9AAF36}.Debug|Any CPU.ActiveCfg = Debug|Any CPU
		{91B0F9B2-3708-41F4-86FC-99069A9AAF36}.Debug|Any CPU.Build.0 = Debug|Any CPU
		{91B0F9B2-3708-41F4-86FC-99069A9AAF36}.Release|Any CPU.ActiveCfg = Release|Any CPU
		{91B0F9B2-3708-41F4-86FC-99069A9AAF36}.Release|Any CPU.Build.0 = Release|Any CPU
		{48EA82A0-F926-4339-A2F4-15E32A3935EC}.Debug|Any CPU.ActiveCfg = Debug|Any CPU
		{48EA82A0-F926-4339-A2F4-15E32A3935EC}.Debug|Any CPU.Build.0 = Debug|Any CPU
		{48EA82A0-F926-4339-A2F4-15E32A3935EC}.Release|Any CPU.ActiveCfg = Release|Any CPU
		{48EA82A0-F926-4339-A2F4-15E32A3935EC}.Release|Any CPU.Build.0 = Release|Any CPU
		{46A2C7EF-FDF0-4C6D-ADB3-0400022930F5}.Debug|Any CPU.ActiveCfg = Debug|Any CPU
		{46A2C7EF-FDF0-4C6D-ADB3-0400022930F5}.Debug|Any CPU.Build.0 = Debug|Any CPU
		{46A2C7EF-FDF0-4C6D-ADB3-0400022930F5}.Release|Any CPU.ActiveCfg = Release|Any CPU
		{46A2C7EF-FDF0-4C6D-ADB3-0400022930F5}.Release|Any CPU.Build.0 = Release|Any CPU
		{584E3AB3-762B-4E6D-BBED-7C5E39F23954}.Debug|Any CPU.ActiveCfg = Debug|Any CPU
		{584E3AB3-762B-4E6D-BBED-7C5E39F23954}.Debug|Any CPU.Build.0 = Debug|Any CPU
		{584E3AB3-762B-4E6D-BBED-7C5E39F23954}.Release|Any CPU.ActiveCfg = Release|Any CPU
		{584E3AB3-762B-4E6D-BBED-7C5E39F23954}.Release|Any CPU.Build.0 = Release|Any CPU
		{5EAA7CCC-B1FC-46CD-8CA6-42668DEAE03E}.Debug|Any CPU.ActiveCfg = Debug|Any CPU
		{5EAA7CCC-B1FC-46CD-8CA6-42668DEAE03E}.Debug|Any CPU.Build.0 = Debug|Any CPU
		{5EAA7CCC-B1FC-46CD-8CA6-42668DEAE03E}.Release|Any CPU.ActiveCfg = Release|Any CPU
		{5EAA7CCC-B1FC-46CD-8CA6-42668DEAE03E}.Release|Any CPU.Build.0 = Release|Any CPU
		{003FE7C4-846E-4D1E-876F-080B1575346A}.Debug|Any CPU.ActiveCfg = Debug|Any CPU
		{003FE7C4-846E-4D1E-876F-080B1575346A}.Debug|Any CPU.Build.0 = Debug|Any CPU
		{003FE7C4-846E-4D1E-876F-080B1575346A}.Release|Any CPU.ActiveCfg = Release|Any CPU
		{003FE7C4-846E-4D1E-876F-080B1575346A}.Release|Any CPU.Build.0 = Release|Any CPU
		{8CD193F1-61D9-4527-B6D4-5836E718BBB3}.Debug|Any CPU.ActiveCfg = Debug|Any CPU
		{8CD193F1-61D9-4527-B6D4-5836E718BBB3}.Debug|Any CPU.Build.0 = Debug|Any CPU
		{8CD193F1-61D9-4527-B6D4-5836E718BBB3}.Release|Any CPU.ActiveCfg = Release|Any CPU
		{8CD193F1-61D9-4527-B6D4-5836E718BBB3}.Release|Any CPU.Build.0 = Release|Any CPU
	EndGlobalSection
	GlobalSection(SolutionProperties) = preSolution
		HideSolutionNode = FALSE
	EndGlobalSection
	GlobalSection(NestedProjects) = preSolution
		{46A2C7EF-FDF0-4C6D-ADB3-0400022930F5} = {9B3FFA71-B582-438A-8F4B-9D144E622243}
		{584E3AB3-762B-4E6D-BBED-7C5E39F23954} = {9B3FFA71-B582-438A-8F4B-9D144E622243}
		{5EAA7CCC-B1FC-46CD-8CA6-42668DEAE03E} = {9B3FFA71-B582-438A-8F4B-9D144E622243}
		{003FE7C4-846E-4D1E-876F-080B1575346A} = {9B3FFA71-B582-438A-8F4B-9D144E622243}
		{8CD193F1-61D9-4527-B6D4-5836E718BBB3} = {9B3FFA71-B582-438A-8F4B-9D144E622243}
	EndGlobalSection
	GlobalSection(ExtensibilityGlobals) = postSolution
		SolutionGuid = {333421EA-2AD8-455C-B578-5B6F8E47A699}
	EndGlobalSection
EndGlobal
